
Microsoft Visual Studio Solution File, Format Version 12.00
# Visual Studio Version 17
VisualStudioVersion = 17.9.34622.214
MinimumVisualStudioVersion = 10.0.40219.1
Project("{9A19103F-16F7-4668-BE54-9A1E7A4F7556}") = "JWTAPP.BACK", "JWTAPP.BACK\JWTAPP.BACK.csproj", "{F4E4C25E-E0C5-4502-9885-5BDF58665883}"
EndProject
Project("{FAE04EC0-301F-11D3-BF4B-00C04F79EFBC}") = "JWTAPP.FRONT", "JWTAPP.FRONT\JWTAPP.FRONT.csproj", "{540D52CA-D13A-4F11-B365-D4E81339EBA1}"
EndProject
Global
	GlobalSection(SolutionConfigurationPlatforms) = preSolution
		Debug|Any CPU = Debug|Any CPU
		Release|Any CPU = Release|Any CPU
	EndGlobalSection
	GlobalSection(ProjectConfigurationPlatforms) = postSolution
		{F4E4C25E-E0C5-4502-9885-5BDF58665883}.Debug|Any CPU.ActiveCfg = Debug|Any CPU
		{F4E4C25E-E0C5-4502-9885-5BDF58665883}.Debug|Any CPU.Build.0 = Debug|Any CPU
		{F4E4C25E-E0C5-4502-9885-5BDF58665883}.Release|Any CPU.ActiveCfg = Release|Any CPU
		{F4E4C25E-E0C5-4502-9885-5BDF58665883}.Release|Any CPU.Build.0 = Release|Any CPU
		{540D52CA-D13A-4F11-B365-D4E81339EBA1}.Debug|Any CPU.ActiveCfg = Debug|Any CPU
		{540D52CA-D13A-4F11-B365-D4E81339EBA1}.Debug|Any CPU.Build.0 = Debug|Any CPU
		{540D52CA-D13A-4F11-B365-D4E81339EBA1}.Release|Any CPU.ActiveCfg = Release|Any CPU
		{540D52CA-D13A-4F11-B365-D4E81339EBA1}.Release|Any CPU.Build.0 = Release|Any CPU
	EndGlobalSection
	GlobalSection(SolutionProperties) = preSolution
		HideSolutionNode = FALSE
	EndGlobalSection
	GlobalSection(ExtensibilityGlobals) = postSolution
		SolutionGuid = {F99E088D-3AD0-4D75-886A-A1D19D1D4DC4}
	EndGlobalSection
EndGlobal
