
Microsoft Visual Studio Solution File, Format Version 12.00
# Visual Studio Version 17
VisualStudioVersion = 17.9.34622.214
MinimumVisualStudioVersion = 10.0.40219.1
Project("{9A19103F-16F7-4668-BE54-9A1E7A4F7556}") = "JWTAPP.BACK", "JWTAPP.BACK\JWTAPP.BACK.csproj", "{F4E4C25E-E0C5-4502-9885-5BDF58665883}"
EndProject
Project("{9A19103F-16F7-4668-BE54-9A1E7A4F7556}") = "JWTAPP.FRONT", "JWTAPP.FRONT\JWTAPP.FRONT.csproj", "{540D52CA-D13A-4F11-B365-D4E81339EBA1}"
EndProject
Project("{2150E333-8FDC-42A3-9474-1A3956D46DE8}") = "Onion", "Onion", "{6947B163-E2D3-48D2-A1F5-BB6AB58ADAC5}"
EndProject
Project("{2150E333-8FDC-42A3-9474-1A3956D46DE8}") = "Core", "Core", "{C3E58152-BFB0-4B74-8756-C63E1B703D9F}"
EndProject
Project("{2150E333-8FDC-42A3-9474-1A3956D46DE8}") = "Infrastructure", "Infrastructure", "{E7B70ABD-82BD-41E0-B328-356FB0938F4D}"
EndProject
Project("{2150E333-8FDC-42A3-9474-1A3956D46DE8}") = "Presentation", "Presentation", "{B8F8EFC1-EC83-460D-BEB9-82019CD720D6}"
EndProject
Project("{FAE04EC0-301F-11D3-BF4B-00C04F79EFBC}") = "Onion.JWTAPP.Domain", "Onion\Core\Onion.JWTAPP.Domain\Onion.JWTAPP.Domain.csproj", "{936D1E61-8E49-4DC8-8238-6A745212D00A}"
EndProject
Project("{FAE04EC0-301F-11D3-BF4B-00C04F79EFBC}") = "Onion.JWTAPP.Application", "Onion\Core\Onion.JWTAPP.Application\Onion.JWTAPP.Application.csproj", "{47F2118D-A192-4450-8BFC-82D6A4DB7B5A}"
EndProject
Project("{FAE04EC0-301F-11D3-BF4B-00C04F79EFBC}") = "Onion.JWTAPP.Persistence", "Onion\Infrastructure\Onion.JWTAPP.Persistence\Onion.JWTAPP.Persistence.csproj", "{8748C456-3B71-4179-A3B6-0AAEB18AC986}"
EndProject
Project("{FAE04EC0-301F-11D3-BF4B-00C04F79EFBC}") = "Onion.JWTAPP.Api", "Onion\Presentation\Onion.JWTAPP.Api\Onion.JWTAPP.Api.csproj", "{8DCDC43C-A996-45D8-9490-06146A113679}"
EndProject
Global
	GlobalSection(SolutionConfigurationPlatforms) = preSolution
		Debug|Any CPU = Debug|Any CPU
		Release|Any CPU = Release|Any CPU
	EndGlobalSection
	GlobalSection(ProjectConfigurationPlatforms) = postSolution
		{F4E4C25E-E0C5-4502-9885-5BDF58665883}.Debug|Any CPU.ActiveCfg = Debug|Any CPU
		{F4E4C25E-E0C5-4502-9885-5BDF58665883}.Debug|Any CPU.Build.0 = Debug|Any CPU
		{F4E4C25E-E0C5-4502-9885-5BDF58665883}.Release|Any CPU.ActiveCfg = Release|Any CPU
		{F4E4C25E-E0C5-4502-9885-5BDF58665883}.Release|Any CPU.Build.0 = Release|Any CPU
		{540D52CA-D13A-4F11-B365-D4E81339EBA1}.Debug|Any CPU.ActiveCfg = Debug|Any CPU
		{540D52CA-D13A-4F11-B365-D4E81339EBA1}.Debug|Any CPU.Build.0 = Debug|Any CPU
		{540D52CA-D13A-4F11-B365-D4E81339EBA1}.Release|Any CPU.ActiveCfg = Release|Any CPU
		{540D52CA-D13A-4F11-B365-D4E81339EBA1}.Release|Any CPU.Build.0 = Release|Any CPU
		{936D1E61-8E49-4DC8-8238-6A745212D00A}.Debug|Any CPU.ActiveCfg = Debug|Any CPU
		{936D1E61-8E49-4DC8-8238-6A745212D00A}.Debug|Any CPU.Build.0 = Debug|Any CPU
		{936D1E61-8E49-4DC8-8238-6A745212D00A}.Release|Any CPU.ActiveCfg = Release|Any CPU
		{936D1E61-8E49-4DC8-8238-6A745212D00A}.Release|Any CPU.Build.0 = Release|Any CPU
		{47F2118D-A192-4450-8BFC-82D6A4DB7B5A}.Debug|Any CPU.ActiveCfg = Debug|Any CPU
		{47F2118D-A192-4450-8BFC-82D6A4DB7B5A}.Debug|Any CPU.Build.0 = Debug|Any CPU
		{47F2118D-A192-4450-8BFC-82D6A4DB7B5A}.Release|Any CPU.ActiveCfg = Release|Any CPU
		{47F2118D-A192-4450-8BFC-82D6A4DB7B5A}.Release|Any CPU.Build.0 = Release|Any CPU
		{8748C456-3B71-4179-A3B6-0AAEB18AC986}.Debug|Any CPU.ActiveCfg = Debug|Any CPU
		{8748C456-3B71-4179-A3B6-0AAEB18AC986}.Debug|Any CPU.Build.0 = Debug|Any CPU
		{8748C456-3B71-4179-A3B6-0AAEB18AC986}.Release|Any CPU.ActiveCfg = Release|Any CPU
		{8748C456-3B71-4179-A3B6-0AAEB18AC986}.Release|Any CPU.Build.0 = Release|Any CPU
		{8DCDC43C-A996-45D8-9490-06146A113679}.Debug|Any CPU.ActiveCfg = Debug|Any CPU
		{8DCDC43C-A996-45D8-9490-06146A113679}.Debug|Any CPU.Build.0 = Debug|Any CPU
		{8DCDC43C-A996-45D8-9490-06146A113679}.Release|Any CPU.ActiveCfg = Release|Any CPU
		{8DCDC43C-A996-45D8-9490-06146A113679}.Release|Any CPU.Build.0 = Release|Any CPU
	EndGlobalSection
	GlobalSection(SolutionProperties) = preSolution
		HideSolutionNode = FALSE
	EndGlobalSection
	GlobalSection(NestedProjects) = preSolution
		{C3E58152-BFB0-4B74-8756-C63E1B703D9F} = {6947B163-E2D3-48D2-A1F5-BB6AB58ADAC5}
		{E7B70ABD-82BD-41E0-B328-356FB0938F4D} = {6947B163-E2D3-48D2-A1F5-BB6AB58ADAC5}
		{B8F8EFC1-EC83-460D-BEB9-82019CD720D6} = {6947B163-E2D3-48D2-A1F5-BB6AB58ADAC5}
		{936D1E61-8E49-4DC8-8238-6A745212D00A} = {C3E58152-BFB0-4B74-8756-C63E1B703D9F}
		{47F2118D-A192-4450-8BFC-82D6A4DB7B5A} = {C3E58152-BFB0-4B74-8756-C63E1B703D9F}
		{8748C456-3B71-4179-A3B6-0AAEB18AC986} = {E7B70ABD-82BD-41E0-B328-356FB0938F4D}
		{8DCDC43C-A996-45D8-9490-06146A113679} = {B8F8EFC1-EC83-460D-BEB9-82019CD720D6}
	EndGlobalSection
	GlobalSection(ExtensibilityGlobals) = postSolution
		SolutionGuid = {F99E088D-3AD0-4D75-886A-A1D19D1D4DC4}
	EndGlobalSection
EndGlobal
